
Microsoft Visual Studio Solution File, Format Version 12.00
# Visual Studio Version 17
VisualStudioVersion = 17.11.35208.52
MinimumVisualStudioVersion = 10.0.40219.1
Project("{9A19103F-16F7-4668-BE54-9A1E7A4F7556}") = "BcxpChallenge", "BcxpChallenge\BcxpChallenge.csproj", "{71EC80C6-82F8-4389-8B10-DD04501DBFBD}"
EndProject
Project("{FAE04EC0-301F-11D3-BF4B-00C04F79EFBC}") = "BcxpChallenge.Test", "BcxpChallenge.Test\BcxpChallenge.Test.csproj", "{1B31B3F9-E49C-4782-89BC-A2A2A44E8533}"
EndProject
Global
	GlobalSection(SolutionConfigurationPlatforms) = preSolution
		Debug|Any CPU = Debug|Any CPU
		Release|Any CPU = Release|Any CPU
	EndGlobalSection
	GlobalSection(ProjectConfigurationPlatforms) = postSolution
		{71EC80C6-82F8-4389-8B10-DD04501DBFBD}.Debug|Any CPU.ActiveCfg = Debug|Any CPU
		{71EC80C6-82F8-4389-8B10-DD04501DBFBD}.Debug|Any CPU.Build.0 = Debug|Any CPU
		{71EC80C6-82F8-4389-8B10-DD04501DBFBD}.Release|Any CPU.ActiveCfg = Release|Any CPU
		{71EC80C6-82F8-4389-8B10-DD04501DBFBD}.Release|Any CPU.Build.0 = Release|Any CPU
		{1B31B3F9-E49C-4782-89BC-A2A2A44E8533}.Debug|Any CPU.ActiveCfg = Debug|Any CPU
		{1B31B3F9-E49C-4782-89BC-A2A2A44E8533}.Debug|Any CPU.Build.0 = Debug|Any CPU
		{1B31B3F9-E49C-4782-89BC-A2A2A44E8533}.Release|Any CPU.ActiveCfg = Release|Any CPU
		{1B31B3F9-E49C-4782-89BC-A2A2A44E8533}.Release|Any CPU.Build.0 = Release|Any CPU
	EndGlobalSection
	GlobalSection(SolutionProperties) = preSolution
		HideSolutionNode = FALSE
	EndGlobalSection
	GlobalSection(ExtensibilityGlobals) = postSolution
		SolutionGuid = {8BF853E2-7C8A-4F4F-82D8-D6713470139B}
	EndGlobalSection
EndGlobal
